// !$*UTF8*$!
{
	archiveVersion = 1;
	classes = {
	};
	objectVersion = 50;
	objects = {

/* Begin PBXBuildFile section */
		1E0E5CB2207CD95A00222700 /* AppDelegate.m in Sources */ = {isa = PBXBuildFile; fileRef = 1E0E5CB1207CD95A00222700 /* AppDelegate.m */; };
		1E0E5CB5207CD95A00222700 /* ViewController.m in Sources */ = {isa = PBXBuildFile; fileRef = 1E0E5CB4207CD95A00222700 /* ViewController.m */; };
		1E0E5CB8207CD95A00222700 /* Main.storyboard in Resources */ = {isa = PBXBuildFile; fileRef = 1E0E5CB6207CD95A00222700 /* Main.storyboard */; };
		1E0E5CBA207CD95A00222700 /* Assets.xcassets in Resources */ = {isa = PBXBuildFile; fileRef = 1E0E5CB9207CD95A00222700 /* Assets.xcassets */; };
		1E0E5CBD207CD95A00222700 /* LaunchScreen.storyboard in Resources */ = {isa = PBXBuildFile; fileRef = 1E0E5CBB207CD95A00222700 /* LaunchScreen.storyboard */; };
		1E0E5CC0207CD95B00222700 /* main.m in Sources */ = {isa = PBXBuildFile; fileRef = 1E0E5CBF207CD95B00222700 /* main.m */; };
		1E0E5CD1207CD96E00222700 /* CCHTTPRequestOperation.m in Sources */ = {isa = PBXBuildFile; fileRef = 1E0E5CC7207CD96E00222700 /* CCHTTPRequestOperation.m */; };
		1E0E5CD2207CD96E00222700 /* CCNetworkTools.m in Sources */ = {isa = PBXBuildFile; fileRef = 1E0E5CC8207CD96E00222700 /* CCNetworkTools.m */; };
		1E0E5CD3207CD96E00222700 /* CCNetwork.m in Sources */ = {isa = PBXBuildFile; fileRef = 1E0E5CC9207CD96E00222700 /* CCNetwork.m */; };
		1E0E5CD5207CD96E00222700 /* CCHTTPRequestOperationManager.m in Sources */ = {isa = PBXBuildFile; fileRef = 1E0E5CCB207CD96E00222700 /* CCHTTPRequestOperationManager.m */; };
		1E0E5CD9207CDA9900222700 /* JSONKit.m in Sources */ = {isa = PBXBuildFile; fileRef = 1E0E5CD7207CDA9900222700 /* JSONKit.m */; settings = {COMPILER_FLAGS = "-fno-objc-arc"; }; };
		1E0E5CE2207CDFBA00222700 /* NSObject+CCModelCheckType.m in Sources */ = {isa = PBXBuildFile; fileRef = 1E0E5CDC207CDFBA00222700 /* NSObject+CCModelCheckType.m */; };
		1E0E5CE3207CDFBA00222700 /* CCModel.m in Sources */ = {isa = PBXBuildFile; fileRef = 1E0E5CDD207CDFBA00222700 /* CCModel.m */; };
		1E0E5CE4207CDFBA00222700 /* CCDataAnalysis.m in Sources */ = {isa = PBXBuildFile; fileRef = 1E0E5CE0207CDFBA00222700 /* CCDataAnalysis.m */; };
		AFA6BE7B31633278B59B4CB3 /* libPods-CCNetwork.a in Frameworks */ = {isa = PBXBuildFile; fileRef = 31C570C598930887E2BA1727 /* libPods-CCNetwork.a */; };
/* End PBXBuildFile section */

/* Begin PBXFileReference section */
		1E0E5CAD207CD95A00222700 /* CCNetwork.app */ = {isa = PBXFileReference; explicitFileType = wrapper.application; includeInIndex = 0; path = CCNetwork.app; sourceTree = BUILT_PRODUCTS_DIR; };
		1E0E5CB0207CD95A00222700 /* AppDelegate.h */ = {isa = PBXFileReference; lastKnownFileType = sourcecode.c.h; path = AppDelegate.h; sourceTree = "<group>"; };
		1E0E5CB1207CD95A00222700 /* AppDelegate.m */ = {isa = PBXFileReference; lastKnownFileType = sourcecode.c.objc; path = AppDelegate.m; sourceTree = "<group>"; };
		1E0E5CB3207CD95A00222700 /* ViewController.h */ = {isa = PBXFileReference; lastKnownFileType = sourcecode.c.h; path = ViewController.h; sourceTree = "<group>"; };
		1E0E5CB4207CD95A00222700 /* ViewController.m */ = {isa = PBXFileReference; lastKnownFileType = sourcecode.c.objc; path = ViewController.m; sourceTree = "<group>"; };
		1E0E5CB7207CD95A00222700 /* Base */ = {isa = PBXFileReference; lastKnownFileType = file.storyboard; name = Base; path = Base.lproj/Main.storyboard; sourceTree = "<group>"; };
		1E0E5CB9207CD95A00222700 /* Assets.xcassets */ = {isa = PBXFileReference; lastKnownFileType = folder.assetcatalog; path = Assets.xcassets; sourceTree = "<group>"; };
		1E0E5CBC207CD95A00222700 /* Base */ = {isa = PBXFileReference; lastKnownFileType = file.storyboard; name = Base; path = Base.lproj/LaunchScreen.storyboard; sourceTree = "<group>"; };
		1E0E5CBE207CD95A00222700 /* Info.plist */ = {isa = PBXFileReference; lastKnownFileType = text.plist.xml; path = Info.plist; sourceTree = "<group>"; };
		1E0E5CBF207CD95B00222700 /* main.m */ = {isa = PBXFileReference; lastKnownFileType = sourcecode.c.objc; path = main.m; sourceTree = "<group>"; };
		1E0E5CC7207CD96E00222700 /* CCHTTPRequestOperation.m */ = {isa = PBXFileReference; fileEncoding = 4; lastKnownFileType = sourcecode.c.objc; path = CCHTTPRequestOperation.m; sourceTree = "<group>"; };
		1E0E5CC8207CD96E00222700 /* CCNetworkTools.m */ = {isa = PBXFileReference; fileEncoding = 4; lastKnownFileType = sourcecode.c.objc; path = CCNetworkTools.m; sourceTree = "<group>"; };
		1E0E5CC9207CD96E00222700 /* CCNetwork.m */ = {isa = PBXFileReference; fileEncoding = 4; lastKnownFileType = sourcecode.c.objc; path = CCNetwork.m; sourceTree = "<group>"; };
		1E0E5CCB207CD96E00222700 /* CCHTTPRequestOperationManager.m */ = {isa = PBXFileReference; fileEncoding = 4; lastKnownFileType = sourcecode.c.objc; path = CCHTTPRequestOperationManager.m; sourceTree = "<group>"; };
		1E0E5CCC207CD96E00222700 /* CCHTTPRequestOperation.h */ = {isa = PBXFileReference; fileEncoding = 4; lastKnownFileType = sourcecode.c.h; path = CCHTTPRequestOperation.h; sourceTree = "<group>"; };
		1E0E5CCD207CD96E00222700 /* CCNetworkTools.h */ = {isa = PBXFileReference; fileEncoding = 4; lastKnownFileType = sourcecode.c.h; path = CCNetworkTools.h; sourceTree = "<group>"; };
		1E0E5CCF207CD96E00222700 /* CCNetwork.h */ = {isa = PBXFileReference; fileEncoding = 4; lastKnownFileType = sourcecode.c.h; path = CCNetwork.h; sourceTree = "<group>"; };
		1E0E5CD0207CD96E00222700 /* CCHTTPRequestOperationManager.h */ = {isa = PBXFileReference; fileEncoding = 4; lastKnownFileType = sourcecode.c.h; path = CCHTTPRequestOperationManager.h; sourceTree = "<group>"; };
		1E0E5CD7207CDA9900222700 /* JSONKit.m */ = {isa = PBXFileReference; fileEncoding = 4; lastKnownFileType = sourcecode.c.objc; path = JSONKit.m; sourceTree = "<group>"; };
		1E0E5CD8207CDA9900222700 /* JSONKit.h */ = {isa = PBXFileReference; fileEncoding = 4; lastKnownFileType = sourcecode.c.h; path = JSONKit.h; sourceTree = "<group>"; };
		1E0E5CDB207CDFBA00222700 /* CCModelDefine.h */ = {isa = PBXFileReference; fileEncoding = 4; lastKnownFileType = sourcecode.c.h; path = CCModelDefine.h; sourceTree = "<group>"; };
		1E0E5CDC207CDFBA00222700 /* NSObject+CCModelCheckType.m */ = {isa = PBXFileReference; fileEncoding = 4; lastKnownFileType = sourcecode.c.objc; path = "NSObject+CCModelCheckType.m"; sourceTree = "<group>"; };
		1E0E5CDD207CDFBA00222700 /* CCModel.m */ = {isa = PBXFileReference; fileEncoding = 4; lastKnownFileType = sourcecode.c.objc; path = CCModel.m; sourceTree = "<group>"; };
		1E0E5CDE207CDFBA00222700 /* CCDataAnalysis.h */ = {isa = PBXFileReference; fileEncoding = 4; lastKnownFileType = sourcecode.c.h; path = CCDataAnalysis.h; sourceTree = "<group>"; };
		1E0E5CDF207CDFBA00222700 /* NSObject+CCModelCheckType.h */ = {isa = PBXFileReference; fileEncoding = 4; lastKnownFileType = sourcecode.c.h; path = "NSObject+CCModelCheckType.h"; sourceTree = "<group>"; };
		1E0E5CE0207CDFBA00222700 /* CCDataAnalysis.m */ = {isa = PBXFileReference; fileEncoding = 4; lastKnownFileType = sourcecode.c.objc; path = CCDataAnalysis.m; sourceTree = "<group>"; };
		1E0E5CE1207CDFBA00222700 /* CCModel.h */ = {isa = PBXFileReference; fileEncoding = 4; lastKnownFileType = sourcecode.c.h; path = CCModel.h; sourceTree = "<group>"; };
		31C570C598930887E2BA1727 /* libPods-CCNetwork.a */ = {isa = PBXFileReference; explicitFileType = archive.ar; includeInIndex = 0; path = "libPods-CCNetwork.a"; sourceTree = BUILT_PRODUCTS_DIR; };
		6B59EB5F85E96B0F7B8C30D8 /* Pods-CCNetwork.release.xcconfig */ = {isa = PBXFileReference; includeInIndex = 1; lastKnownFileType = text.xcconfig; name = "Pods-CCNetwork.release.xcconfig"; path = "Pods/Target Support Files/Pods-CCNetwork/Pods-CCNetwork.release.xcconfig"; sourceTree = "<group>"; };
		B319B3CE0AD36A759864E362 /* Pods-CCNetwork.debug.xcconfig */ = {isa = PBXFileReference; includeInIndex = 1; lastKnownFileType = text.xcconfig; name = "Pods-CCNetwork.debug.xcconfig"; path = "Pods/Target Support Files/Pods-CCNetwork/Pods-CCNetwork.debug.xcconfig"; sourceTree = "<group>"; };
/* End PBXFileReference section */

/* Begin PBXFrameworksBuildPhase section */
		1E0E5CAA207CD95A00222700 /* Frameworks */ = {
			isa = PBXFrameworksBuildPhase;
			buildActionMask = 2147483647;
			files = (
				AFA6BE7B31633278B59B4CB3 /* libPods-CCNetwork.a in Frameworks */,
			);
			runOnlyForDeploymentPostprocessing = 0;
		};
/* End PBXFrameworksBuildPhase section */

/* Begin PBXGroup section */
		1E0E5CA4207CD95A00222700 = {
			isa = PBXGroup;
			children = (
				1E0E5CAF207CD95A00222700 /* CCNetwork */,
				1E0E5CAE207CD95A00222700 /* Products */,
				7F2FD1E50AEB968766BEF9FC /* Pods */,
				C6173C561A4D101785245FDE /* Frameworks */,
			);
			sourceTree = "<group>";
		};
		1E0E5CAE207CD95A00222700 /* Products */ = {
			isa = PBXGroup;
			children = (
				1E0E5CAD207CD95A00222700 /* CCNetwork.app */,
			);
			name = Products;
			sourceTree = "<group>";
		};
		1E0E5CAF207CD95A00222700 /* CCNetwork */ = {
			isa = PBXGroup;
			children = (
				1E0E5CDA207CDFBA00222700 /* CCModel */,
				1E0E5CD8207CDA9900222700 /* JSONKit.h */,
				1E0E5CD7207CDA9900222700 /* JSONKit.m */,
				1E0E5CC6207CD96E00222700 /* CCNetwork */,
				1E0E5CB0207CD95A00222700 /* AppDelegate.h */,
				1E0E5CB1207CD95A00222700 /* AppDelegate.m */,
				1E0E5CB3207CD95A00222700 /* ViewController.h */,
				1E0E5CB4207CD95A00222700 /* ViewController.m */,
				1E0E5CB6207CD95A00222700 /* Main.storyboard */,
				1E0E5CB9207CD95A00222700 /* Assets.xcassets */,
				1E0E5CBB207CD95A00222700 /* LaunchScreen.storyboard */,
				1E0E5CBE207CD95A00222700 /* Info.plist */,
				1E0E5CBF207CD95B00222700 /* main.m */,
			);
			path = CCNetwork;
			sourceTree = "<group>";
		};
		1E0E5CC6207CD96E00222700 /* CCNetwork */ = {
			isa = PBXGroup;
			children = (
				1E0E5CCF207CD96E00222700 /* CCNetwork.h */,
				1E0E5CC9207CD96E00222700 /* CCNetwork.m */,
				1E0E5CCD207CD96E00222700 /* CCNetworkTools.h */,
				1E0E5CC8207CD96E00222700 /* CCNetworkTools.m */,
				1E0E5CCC207CD96E00222700 /* CCHTTPRequestOperation.h */,
				1E0E5CC7207CD96E00222700 /* CCHTTPRequestOperation.m */,
				1E0E5CD0207CD96E00222700 /* CCHTTPRequestOperationManager.h */,
				1E0E5CCB207CD96E00222700 /* CCHTTPRequestOperationManager.m */,
			);
			path = CCNetwork;
			sourceTree = "<group>";
		};
		1E0E5CDA207CDFBA00222700 /* CCModel */ = {
			isa = PBXGroup;
			children = (
				1E0E5CDB207CDFBA00222700 /* CCModelDefine.h */,
				1E0E5CDC207CDFBA00222700 /* NSObject+CCModelCheckType.m */,
				1E0E5CDD207CDFBA00222700 /* CCModel.m */,
				1E0E5CDE207CDFBA00222700 /* CCDataAnalysis.h */,
				1E0E5CDF207CDFBA00222700 /* NSObject+CCModelCheckType.h */,
				1E0E5CE0207CDFBA00222700 /* CCDataAnalysis.m */,
				1E0E5CE1207CDFBA00222700 /* CCModel.h */,
			);
			path = CCModel;
			sourceTree = "<group>";
		};
		7F2FD1E50AEB968766BEF9FC /* Pods */ = {
			isa = PBXGroup;
			children = (
				B319B3CE0AD36A759864E362 /* Pods-CCNetwork.debug.xcconfig */,
				6B59EB5F85E96B0F7B8C30D8 /* Pods-CCNetwork.release.xcconfig */,
			);
			name = Pods;
			sourceTree = "<group>";
		};
		C6173C561A4D101785245FDE /* Frameworks */ = {
			isa = PBXGroup;
			children = (
				31C570C598930887E2BA1727 /* libPods-CCNetwork.a */,
			);
			name = Frameworks;
			sourceTree = "<group>";
		};
/* End PBXGroup section */

/* Begin PBXNativeTarget section */
		1E0E5CAC207CD95A00222700 /* CCNetwork */ = {
			isa = PBXNativeTarget;
			buildConfigurationList = 1E0E5CC3207CD95B00222700 /* Build configuration list for PBXNativeTarget "CCNetwork" */;
			buildPhases = (
				4E73CFFDC454DCED7711CC59 /* [CP] Check Pods Manifest.lock */,
				1E0E5CA9207CD95A00222700 /* Sources */,
				1E0E5CAA207CD95A00222700 /* Frameworks */,
				1E0E5CAB207CD95A00222700 /* Resources */,
				4C954AB326E33CB1CD75D955 /* [CP] Copy Pods Resources */,
			);
			buildRules = (
			);
			dependencies = (
			);
			name = CCNetwork;
			productName = CCNetwork;
			productReference = 1E0E5CAD207CD95A00222700 /* CCNetwork.app */;
			productType = "com.apple.product-type.application";
		};
/* End PBXNativeTarget section */

/* Begin PBXProject section */
		1E0E5CA5207CD95A00222700 /* Project object */ = {
			isa = PBXProject;
			attributes = {
				LastUpgradeCheck = 0930;
				ORGANIZATIONNAME = qianye;
				TargetAttributes = {
					1E0E5CAC207CD95A00222700 = {
						CreatedOnToolsVersion = 9.3;
					};
				};
			};
			buildConfigurationList = 1E0E5CA8207CD95A00222700 /* Build configuration list for PBXProject "CCNetwork" */;
			compatibilityVersion = "Xcode 9.3";
			developmentRegion = en;
			hasScannedForEncodings = 0;
			knownRegions = (
				en,
				Base,
			);
			mainGroup = 1E0E5CA4207CD95A00222700;
			productRefGroup = 1E0E5CAE207CD95A00222700 /* Products */;
			projectDirPath = "";
			projectRoot = "";
			targets = (
				1E0E5CAC207CD95A00222700 /* CCNetwork */,
			);
		};
/* End PBXProject section */

/* Begin PBXResourcesBuildPhase section */
		1E0E5CAB207CD95A00222700 /* Resources */ = {
			isa = PBXResourcesBuildPhase;
			buildActionMask = 2147483647;
			files = (
				1E0E5CBD207CD95A00222700 /* LaunchScreen.storyboard in Resources */,
				1E0E5CBA207CD95A00222700 /* Assets.xcassets in Resources */,
				1E0E5CB8207CD95A00222700 /* Main.storyboard in Resources */,
			);
			runOnlyForDeploymentPostprocessing = 0;
		};
/* End PBXResourcesBuildPhase section */

/* Begin PBXShellScriptBuildPhase section */
		4C954AB326E33CB1CD75D955 /* [CP] Copy Pods Resources */ = {
			isa = PBXShellScriptBuildPhase;
			buildActionMask = 2147483647;
			files = (
			);
			inputPaths = (
				"${SRCROOT}/Pods/Target Support Files/Pods-CCNetwork/Pods-CCNetwork-resources.sh",
				"${PODS_ROOT}/SVProgressHUD/SVProgressHUD/SVProgressHUD.bundle",
			);
			name = "[CP] Copy Pods Resources";
			outputPaths = (
				"${TARGET_BUILD_DIR}/${UNLOCALIZED_RESOURCES_FOLDER_PATH}/SVProgressHUD.bundle",
			);
			runOnlyForDeploymentPostprocessing = 0;
			shellPath = /bin/sh;
			shellScript = "\"${SRCROOT}/Pods/Target Support Files/Pods-CCNetwork/Pods-CCNetwork-resources.sh\"\n";
			showEnvVarsInLog = 0;
		};
		4E73CFFDC454DCED7711CC59 /* [CP] Check Pods Manifest.lock */ = {
			isa = PBXShellScriptBuildPhase;
			buildActionMask = 2147483647;
			files = (
			);
			inputPaths = (
				"${PODS_PODFILE_DIR_PATH}/Podfile.lock",
				"${PODS_ROOT}/Manifest.lock",
			);
			name = "[CP] Check Pods Manifest.lock";
			outputPaths = (
				"$(DERIVED_FILE_DIR)/Pods-CCNetwork-checkManifestLockResult.txt",
			);
			runOnlyForDeploymentPostprocessing = 0;
			shellPath = /bin/sh;
			shellScript = "diff \"${PODS_PODFILE_DIR_PATH}/Podfile.lock\" \"${PODS_ROOT}/Manifest.lock\" > /dev/null\nif [ $? != 0 ] ; then\n    # print error to STDERR\n    echo \"error: The sandbox is not in sync with the Podfile.lock. Run 'pod install' or update your CocoaPods installation.\" >&2\n    exit 1\nfi\n# This output is used by Xcode 'outputs' to avoid re-running this script phase.\necho \"SUCCESS\" > \"${SCRIPT_OUTPUT_FILE_0}\"\n";
			showEnvVarsInLog = 0;
		};
/* End PBXShellScriptBuildPhase section */

/* Begin PBXSourcesBuildPhase section */
		1E0E5CA9207CD95A00222700 /* Sources */ = {
			isa = PBXSourcesBuildPhase;
			buildActionMask = 2147483647;
			files = (
				1E0E5CE2207CDFBA00222700 /* NSObject+CCModelCheckType.m in Sources */,
				1E0E5CB5207CD95A00222700 /* ViewController.m in Sources */,
				1E0E5CC0207CD95B00222700 /* main.m in Sources */,
				1E0E5CD3207CD96E00222700 /* CCNetwork.m in Sources */,
				1E0E5CB2207CD95A00222700 /* AppDelegate.m in Sources */,
				1E0E5CE3207CDFBA00222700 /* CCModel.m in Sources */,
				1E0E5CD2207CD96E00222700 /* CCNetworkTools.m in Sources */,
				1E0E5CE4207CDFBA00222700 /* CCDataAnalysis.m in Sources */,
				1E0E5CD5207CD96E00222700 /* CCHTTPRequestOperationManager.m in Sources */,
				1E0E5CD9207CDA9900222700 /* JSONKit.m in Sources */,
				1E0E5CD1207CD96E00222700 /* CCHTTPRequestOperation.m in Sources */,
			);
			runOnlyForDeploymentPostprocessing = 0;
		};
/* End PBXSourcesBuildPhase section */

/* Begin PBXVariantGroup section */
		1E0E5CB6207CD95A00222700 /* Main.storyboard */ = {
			isa = PBXVariantGroup;
			children = (
				1E0E5CB7207CD95A00222700 /* Base */,
			);
			name = Main.storyboard;
			sourceTree = "<group>";
		};
		1E0E5CBB207CD95A00222700 /* LaunchScreen.storyboard */ = {
			isa = PBXVariantGroup;
			children = (
				1E0E5CBC207CD95A00222700 /* Base */,
			);
			name = LaunchScreen.storyboard;
			sourceTree = "<group>";
		};
/* End PBXVariantGroup section */

/* Begin XCBuildConfiguration section */
		1E0E5CC1207CD95B00222700 /* Debug */ = {
			isa = XCBuildConfiguration;
			buildSettings = {
				ALWAYS_SEARCH_USER_PATHS = NO;
				CLANG_ANALYZER_NONNULL = YES;
				CLANG_ANALYZER_NUMBER_OBJECT_CONVERSION = YES_AGGRESSIVE;
				CLANG_CXX_LANGUAGE_STANDARD = "gnu++14";
				CLANG_CXX_LIBRARY = "libc++";
				CLANG_ENABLE_MODULES = YES;
				CLANG_ENABLE_OBJC_ARC = YES;
				CLANG_ENABLE_OBJC_WEAK = YES;
				CLANG_WARN_BLOCK_CAPTURE_AUTORELEASING = YES;
				CLANG_WARN_BOOL_CONVERSION = YES;
				CLANG_WARN_COMMA = YES;
				CLANG_WARN_CONSTANT_CONVERSION = YES;
				CLANG_WARN_DEPRECATED_OBJC_IMPLEMENTATIONS = YES;
				CLANG_WARN_DIRECT_OBJC_ISA_USAGE = YES_ERROR;
				CLANG_WARN_DOCUMENTATION_COMMENTS = YES;
				CLANG_WARN_EMPTY_BODY = YES;
				CLANG_WARN_ENUM_CONVERSION = YES;
				CLANG_WARN_INFINITE_RECURSION = YES;
				CLANG_WARN_INT_CONVERSION = YES;
				CLANG_WARN_NON_LITERAL_NULL_CONVERSION = YES;
				CLANG_WARN_OBJC_IMPLICIT_RETAIN_SELF = YES;
				CLANG_WARN_OBJC_LITERAL_CONVERSION = YES;
				CLANG_WARN_OBJC_ROOT_CLASS = YES_ERROR;
				CLANG_WARN_RANGE_LOOP_ANALYSIS = YES;
				CLANG_WARN_STRICT_PROTOTYPES = YES;
				CLANG_WARN_SUSPICIOUS_MOVE = YES;
				CLANG_WARN_UNGUARDED_AVAILABILITY = YES_AGGRESSIVE;
				CLANG_WARN_UNREACHABLE_CODE = YES;
				CLANG_WARN__DUPLICATE_METHOD_MATCH = YES;
				CODE_SIGN_IDENTITY = "iPhone Developer";
				COPY_PHASE_STRIP = NO;
				DEBUG_INFORMATION_FORMAT = dwarf;
				ENABLE_STRICT_OBJC_MSGSEND = YES;
				ENABLE_TESTABILITY = YES;
				GCC_C_LANGUAGE_STANDARD = gnu11;
				GCC_DYNAMIC_NO_PIC = NO;
				GCC_NO_COMMON_BLOCKS = YES;
				GCC_OPTIMIZATION_LEVEL = 0;
				GCC_PREPROCESSOR_DEFINITIONS = (
					"DEBUG=1",
					"$(inherited)",
				);
				GCC_WARN_64_TO_32_BIT_CONVERSION = YES;
				GCC_WARN_ABOUT_RETURN_TYPE = YES_ERROR;
				GCC_WARN_UNDECLARED_SELECTOR = YES;
				GCC_WARN_UNINITIALIZED_AUTOS = YES_AGGRESSIVE;
				GCC_WARN_UNUSED_FUNCTION = YES;
				GCC_WARN_UNUSED_VARIABLE = YES;
				IPHONEOS_DEPLOYMENT_TARGET = 11.3;
				MTL_ENABLE_DEBUG_INFO = YES;
				ONLY_ACTIVE_ARCH = YES;
				SDKROOT = iphoneos;
			};
			name = Debug;
		};
		1E0E5CC2207CD95B00222700 /* Release */ = {
			isa = XCBuildConfiguration;
			buildSettings = {
				ALWAYS_SEARCH_USER_PATHS = NO;
				CLANG_ANALYZER_NONNULL = YES;
				CLANG_ANALYZER_NUMBER_OBJECT_CONVERSION = YES_AGGRESSIVE;
				CLANG_CXX_LANGUAGE_STANDARD = "gnu++14";
				CLANG_CXX_LIBRARY = "libc++";
				CLANG_ENABLE_MODULES = YES;
				CLANG_ENABLE_OBJC_ARC = YES;
				CLANG_ENABLE_OBJC_WEAK = YES;
				CLANG_WARN_BLOCK_CAPTURE_AUTORELEASING = YES;
				CLANG_WARN_BOOL_CONVERSION = YES;
				CLANG_WARN_COMMA = YES;
				CLANG_WARN_CONSTANT_CONVERSION = YES;
				CLANG_WARN_DEPRECATED_OBJC_IMPLEMENTATIONS = YES;
				CLANG_WARN_DIRECT_OBJC_ISA_USAGE = YES_ERROR;
				CLANG_WARN_DOCUMENTATION_COMMENTS = YES;
				CLANG_WARN_EMPTY_BODY = YES;
				CLANG_WARN_ENUM_CONVERSION = YES;
				CLANG_WARN_INFINITE_RECURSION = YES;
				CLANG_WARN_INT_CONVERSION = YES;
				CLANG_WARN_NON_LITERAL_NULL_CONVERSION = YES;
				CLANG_WARN_OBJC_IMPLICIT_RETAIN_SELF = YES;
				CLANG_WARN_OBJC_LITERAL_CONVERSION = YES;
				CLANG_WARN_OBJC_ROOT_CLASS = YES_ERROR;
				CLANG_WARN_RANGE_LOOP_ANALYSIS = YES;
				CLANG_WARN_STRICT_PROTOTYPES = YES;
				CLANG_WARN_SUSPICIOUS_MOVE = YES;
				CLANG_WARN_UNGUARDED_AVAILABILITY = YES_AGGRESSIVE;
				CLANG_WARN_UNREACHABLE_CODE = YES;
				CLANG_WARN__DUPLICATE_METHOD_MATCH = YES;
				CODE_SIGN_IDENTITY = "iPhone Developer";
				COPY_PHASE_STRIP = NO;
				DEBUG_INFORMATION_FORMAT = "dwarf-with-dsym";
				ENABLE_NS_ASSERTIONS = NO;
				ENABLE_STRICT_OBJC_MSGSEND = YES;
				GCC_C_LANGUAGE_STANDARD = gnu11;
				GCC_NO_COMMON_BLOCKS = YES;
				GCC_WARN_64_TO_32_BIT_CONVERSION = YES;
				GCC_WARN_ABOUT_RETURN_TYPE = YES_ERROR;
				GCC_WARN_UNDECLARED_SELECTOR = YES;
				GCC_WARN_UNINITIALIZED_AUTOS = YES_AGGRESSIVE;
				GCC_WARN_UNUSED_FUNCTION = YES;
				GCC_WARN_UNUSED_VARIABLE = YES;
				IPHONEOS_DEPLOYMENT_TARGET = 11.3;
				MTL_ENABLE_DEBUG_INFO = NO;
				SDKROOT = iphoneos;
				VALIDATE_PRODUCT = YES;
			};
			name = Release;
		};
		1E0E5CC4207CD95B00222700 /* Debug */ = {
			isa = XCBuildConfiguration;
			baseConfigurationReference = B319B3CE0AD36A759864E362 /* Pods-CCNetwork.debug.xcconfig */;
			buildSettings = {
				ASSETCATALOG_COMPILER_APPICON_NAME = AppIcon;
				CODE_SIGN_STYLE = Automatic;
				INFOPLIST_FILE = CCNetwork/Info.plist;
				LD_RUNPATH_SEARCH_PATHS = (
					"$(inherited)",
					"@executable_path/Frameworks",
				);
				PRODUCT_BUNDLE_IDENTIFIER = com.qianye.CCNetwork;
				PRODUCT_NAME = "$(TARGET_NAME)";
				TARGETED_DEVICE_FAMILY = "1,2";
			};
			name = Debug;
		};
		1E0E5CC5207CD95B00222700 /* Release */ = {
			isa = XCBuildConfiguration;
			baseConfigurationReference = 6B59EB5F85E96B0F7B8C30D8 /* Pods-CCNetwork.release.xcconfig */;
			buildSettings = {
				ASSETCATALOG_COMPILER_APPICON_NAME = AppIcon;
				CODE_SIGN_STYLE = Automatic;
				INFOPLIST_FILE = CCNetwork/Info.plist;
				LD_RUNPATH_SEARCH_PATHS = (
					"$(inherited)",
					"@executable_path/Frameworks",
				);
				PRODUCT_BUNDLE_IDENTIFIER = com.qianye.CCNetwork;
				PRODUCT_NAME = "$(TARGET_NAME)";
				TARGETED_DEVICE_FAMILY = "1,2";
			};
			name = Release;
		};
/* End XCBuildConfiguration section */

/* Begin XCConfigurationList section */
		1E0E5CA8207CD95A00222700 /* Build configuration list for PBXProject "CCNetwork" */ = {
			isa = XCConfigurationList;
			buildConfigurations = (
				1E0E5CC1207CD95B00222700 /* Debug */,
				1E0E5CC2207CD95B00222700 /* Release */,
			);
			defaultConfigurationIsVisible = 0;
			defaultConfigurationName = Release;
		};
		1E0E5CC3207CD95B00222700 /* Build configuration list for PBXNativeTarget "CCNetwork" */ = {
			isa = XCConfigurationList;
			buildConfigurations = (
				1E0E5CC4207CD95B00222700 /* Debug */,
				1E0E5CC5207CD95B00222700 /* Release */,
			);
			defaultConfigurationIsVisible = 0;
			defaultConfigurationName = Release;
		};
/* End XCConfigurationList section */
	};
	rootObject = 1E0E5CA5207CD95A00222700 /* Project object */;
}
